
Microsoft Visual Studio Solution File, Format Version 12.00
# Visual Studio Version 17
VisualStudioVersion = 17.7.34024.191
MinimumVisualStudioVersion = 10.0.40219.1
Project("{8BC9CEB8-8B4A-11D0-8D11-00A0C91BC942}") = "ConsoleApplication1", "ConsoleApplication1\ConsoleApplication1.vcxproj", "{68374DE2-061D-4109-86B9-E3B44A1A5346}"
EndProject
Global
	GlobalSection(SolutionConfigurationPlatforms) = preSolution
		Debug|x64 = Debug|x64
		Debug|x86 = Debug|x86
		Release|x64 = Release|x64
		Release|x86 = Release|x86
	EndGlobalSection
	GlobalSection(ProjectConfigurationPlatforms) = postSolution
		{68374DE2-061D-4109-86B9-E3B44A1A5346}.Debug|x64.ActiveCfg = Debug|x64
		{68374DE2-061D-4109-86B9-E3B44A1A5346}.Debug|x64.Build.0 = Debug|x64
		{68374DE2-061D-4109-86B9-E3B44A1A5346}.Debug|x86.ActiveCfg = Debug|Win32
		{68374DE2-061D-4109-86B9-E3B44A1A5346}.Debug|x86.Build.0 = Debug|Win32
		{68374DE2-061D-4109-86B9-E3B44A1A5346}.Release|x64.ActiveCfg = Release|x64
		{68374DE2-061D-4109-86B9-E3B44A1A5346}.Release|x64.Build.0 = Release|x64
		{68374DE2-061D-4109-86B9-E3B44A1A5346}.Release|x86.ActiveCfg = Release|Win32
		{68374DE2-061D-4109-86B9-E3B44A1A5346}.Release|x86.Build.0 = Release|Win32
	EndGlobalSection
	GlobalSection(SolutionProperties) = preSolution
		HideSolutionNode = FALSE
	EndGlobalSection
	GlobalSection(ExtensibilityGlobals) = postSolution
		SolutionGuid = {054B371D-54E1-4487-8724-AE39FE9BFABE}
	EndGlobalSection
EndGlobal
